
Microsoft Visual Studio Solution File, Format Version 12.00
# Visual Studio Version 17
VisualStudioVersion = 17.0.31912.275
MinimumVisualStudioVersion = 10.0.40219.1
Project("{2150E333-8FDC-42A3-9474-1A3956D46DE8}") = "Project", "Project", "{629A6E09-B321-40D7-B08B-B9A997F92C3C}"
EndProject
Project("{2150E333-8FDC-42A3-9474-1A3956D46DE8}") = "Tests", "Tests", "{5D8257C7-0A46-4CC2-9B30-DAAC4C0DCCA7}"
EndProject
Project("{9A19103F-16F7-4668-BE54-9A1E7A4F7556}") = "WGSharpAPI", "..\Projects\WGSharpAPILibrary\WGSharpAPI.csproj", "{4528A4D9-C400-442D-8798-4E883FF83426}"
EndProject
Project("{9A19103F-16F7-4668-BE54-9A1E7A4F7556}") = "WGSharpAPITests", "..\Tests\WGSharpAPITests\WGSharpAPITests.csproj", "{5AAFA8EA-A853-4633-BFDD-78E6664D2C88}"
EndProject
Global
	GlobalSection(SolutionConfigurationPlatforms) = preSolution
		Debug|Any CPU = Debug|Any CPU
		Release|Any CPU = Release|Any CPU
	EndGlobalSection
	GlobalSection(ProjectConfigurationPlatforms) = postSolution
		{4528A4D9-C400-442D-8798-4E883FF83426}.Debug|Any CPU.ActiveCfg = Debug|Any CPU
		{4528A4D9-C400-442D-8798-4E883FF83426}.Debug|Any CPU.Build.0 = Debug|Any CPU
		{4528A4D9-C400-442D-8798-4E883FF83426}.Release|Any CPU.ActiveCfg = Release|Any CPU
		{4528A4D9-C400-442D-8798-4E883FF83426}.Release|Any CPU.Build.0 = Release|Any CPU
		{5AAFA8EA-A853-4633-BFDD-78E6664D2C88}.Debug|Any CPU.ActiveCfg = Debug|Any CPU
		{5AAFA8EA-A853-4633-BFDD-78E6664D2C88}.Debug|Any CPU.Build.0 = Debug|Any CPU
		{5AAFA8EA-A853-4633-BFDD-78E6664D2C88}.Release|Any CPU.ActiveCfg = Release|Any CPU
		{5AAFA8EA-A853-4633-BFDD-78E6664D2C88}.Release|Any CPU.Build.0 = Release|Any CPU
	EndGlobalSection
	GlobalSection(SolutionProperties) = preSolution
		HideSolutionNode = FALSE
	EndGlobalSection
	GlobalSection(NestedProjects) = preSolution
		{4528A4D9-C400-442D-8798-4E883FF83426} = {629A6E09-B321-40D7-B08B-B9A997F92C3C}
		{5AAFA8EA-A853-4633-BFDD-78E6664D2C88} = {5D8257C7-0A46-4CC2-9B30-DAAC4C0DCCA7}
	EndGlobalSection
	GlobalSection(ExtensibilityGlobals) = postSolution
		SolutionGuid = {8255CE54-6F7E-4B97-A63E-EEDA49B73FB1}
	EndGlobalSection
EndGlobal
